
Microsoft Visual Studio Solution File, Format Version 12.00
Project("{FAE04EC0-301F-11D3-BF4B-00C04F79EFBC}") = "PromoCodes", "PromoCodes\PromoCodes.csproj", "{4016855D-0179-47EC-9C1F-8B7C9342609E}"
EndProject
Project("{FAE04EC0-301F-11D3-BF4B-00C04F79EFBC}") = "PromoCodes.UnitTests", "PromoCodes.UnitTests\PromoCodes.UnitTests.csproj", "{14B9C3DE-ACF0-4683-A47B-A2E873A35E33}"
EndProject
Global
	GlobalSection(SolutionConfigurationPlatforms) = preSolution
		Debug|Any CPU = Debug|Any CPU
		Release|Any CPU = Release|Any CPU
	EndGlobalSection
	GlobalSection(ProjectConfigurationPlatforms) = postSolution
		{4016855D-0179-47EC-9C1F-8B7C9342609E}.Debug|Any CPU.ActiveCfg = Debug|Any CPU
		{4016855D-0179-47EC-9C1F-8B7C9342609E}.Debug|Any CPU.Build.0 = Debug|Any CPU
		{4016855D-0179-47EC-9C1F-8B7C9342609E}.Release|Any CPU.ActiveCfg = Release|Any CPU
		{4016855D-0179-47EC-9C1F-8B7C9342609E}.Release|Any CPU.Build.0 = Release|Any CPU
		{14B9C3DE-ACF0-4683-A47B-A2E873A35E33}.Debug|Any CPU.ActiveCfg = Debug|Any CPU
		{14B9C3DE-ACF0-4683-A47B-A2E873A35E33}.Debug|Any CPU.Build.0 = Debug|Any CPU
		{14B9C3DE-ACF0-4683-A47B-A2E873A35E33}.Release|Any CPU.ActiveCfg = Release|Any CPU
		{14B9C3DE-ACF0-4683-A47B-A2E873A35E33}.Release|Any CPU.Build.0 = Release|Any CPU
	EndGlobalSection
EndGlobal
